// !$*UTF8*$!
{
	archiveVersion = 1;
	classes = {
	};
	objectVersion = 46;
	objects = {

/* Begin PBXBuildFile section */
		94B6D7241F154C680044B90B /* AppDelegate.swift in Sources */ = {isa = PBXBuildFile; fileRef = 94B6D7231F154C680044B90B /* AppDelegate.swift */; };
		94B6D7261F154C680044B90B /* ViewController.swift in Sources */ = {isa = PBXBuildFile; fileRef = 94B6D7251F154C680044B90B /* ViewController.swift */; };
		94B6D7291F154C680044B90B /* Main.storyboard in Resources */ = {isa = PBXBuildFile; fileRef = 94B6D7271F154C680044B90B /* Main.storyboard */; };
		94B6D72B1F154C680044B90B /* Assets.xcassets in Resources */ = {isa = PBXBuildFile; fileRef = 94B6D72A1F154C680044B90B /* Assets.xcassets */; };
		94B6D72E1F154C680044B90B /* LaunchScreen.storyboard in Resources */ = {isa = PBXBuildFile; fileRef = 94B6D72C1F154C680044B90B /* LaunchScreen.storyboard */; };
		94B6D7361F1554C20044B90B /* GooglePlaces.framework in Frameworks */ = {isa = PBXBuildFile; fileRef = 94B6D7351F1554C20044B90B /* GooglePlaces.framework */; };
		94B6D7381F1554EA0044B90B /* GoogleMapsBase.framework in Frameworks */ = {isa = PBXBuildFile; fileRef = 94B6D7371F1554EA0044B90B /* GoogleMapsBase.framework */; };
		94B6D73A1F15551B0044B90B /* GooglePlacePicker.framework in Frameworks */ = {isa = PBXBuildFile; fileRef = 94B6D7391F15551B0044B90B /* GooglePlacePicker.framework */; };
		94B6D73D1F15554B0044B90B /* GoogleMaps.framework in Frameworks */ = {isa = PBXBuildFile; fileRef = 94B6D73B1F15554B0044B90B /* GoogleMaps.framework */; };
		94B6D73E1F15554B0044B90B /* GoogleMapsCore.framework in Frameworks */ = {isa = PBXBuildFile; fileRef = 94B6D73C1F15554B0044B90B /* GoogleMapsCore.framework */; };
		94B6D7401F15565A0044B90B /* GooglePlaces.bundle in Resources */ = {isa = PBXBuildFile; fileRef = 94B6D73F1F15565A0044B90B /* GooglePlaces.bundle */; };
		94B6D7421F1556B50044B90B /* GoogleMaps.bundle in Resources */ = {isa = PBXBuildFile; fileRef = 94B6D7411F1556B50044B90B /* GoogleMaps.bundle */; };
		94B6D7441F1556D50044B90B /* GooglePlacePicker.bundle in Resources */ = {isa = PBXBuildFile; fileRef = 94B6D7431F1556D50044B90B /* GooglePlacePicker.bundle */; };
		94B6D7471F15574A0044B90B /* Accelerate.framework in Frameworks */ = {isa = PBXBuildFile; fileRef = 94B6D7461F15574A0044B90B /* Accelerate.framework */; };
		94B6D7491F1557540044B90B /* CoreData.framework in Frameworks */ = {isa = PBXBuildFile; fileRef = 94B6D7481F1557540044B90B /* CoreData.framework */; };
		94B6D74B1F15575D0044B90B /* CoreGraphics.framework in Frameworks */ = {isa = PBXBuildFile; fileRef = 94B6D74A1F15575D0044B90B /* CoreGraphics.framework */; };
		94B6D74D1F1557660044B90B /* CoreLocation.framework in Frameworks */ = {isa = PBXBuildFile; fileRef = 94B6D74C1F1557660044B90B /* CoreLocation.framework */; };
		94B6D74F1F1557720044B90B /* CoreText.framework in Frameworks */ = {isa = PBXBuildFile; fileRef = 94B6D74E1F1557720044B90B /* CoreText.framework */; };
		94B6D7511F15577B0044B90B /* GLKit.framework in Frameworks */ = {isa = PBXBuildFile; fileRef = 94B6D7501F15577B0044B90B /* GLKit.framework */; };
		94B6D7531F1557810044B90B /* ImageIO.framework in Frameworks */ = {isa = PBXBuildFile; fileRef = 94B6D7521F1557810044B90B /* ImageIO.framework */; };
		94B6D7551F15578E0044B90B /* libc++.tbd in Frameworks */ = {isa = PBXBuildFile; fileRef = 94B6D7541F15578E0044B90B /* libc++.tbd */; };
		94B6D7571F1557980044B90B /* libz.tbd in Frameworks */ = {isa = PBXBuildFile; fileRef = 94B6D7561F1557980044B90B /* libz.tbd */; };
		94B6D7591F15579F0044B90B /* OpenGLES.framework in Frameworks */ = {isa = PBXBuildFile; fileRef = 94B6D7581F15579F0044B90B /* OpenGLES.framework */; };
		94B6D75B1F1557A70044B90B /* QuartzCore.framework in Frameworks */ = {isa = PBXBuildFile; fileRef = 94B6D75A1F1557A70044B90B /* QuartzCore.framework */; };
		94B6D75D1F1557AD0044B90B /* SystemConfiguration.framework in Frameworks */ = {isa = PBXBuildFile; fileRef = 94B6D75C1F1557AD0044B90B /* SystemConfiguration.framework */; };
		94B6D75F1F1557B30044B90B /* UIKit.framework in Frameworks */ = {isa = PBXBuildFile; fileRef = 94B6D75E1F1557B30044B90B /* UIKit.framework */; };
/* End PBXBuildFile section */

/* Begin PBXFileReference section */
		94B6D7201F154C680044B90B /* WhatsGood.app */ = {isa = PBXFileReference; explicitFileType = wrapper.application; includeInIndex = 0; path = WhatsGood.app; sourceTree = BUILT_PRODUCTS_DIR; };
		94B6D7231F154C680044B90B /* AppDelegate.swift */ = {isa = PBXFileReference; lastKnownFileType = sourcecode.swift; path = AppDelegate.swift; sourceTree = "<group>"; };
		94B6D7251F154C680044B90B /* ViewController.swift */ = {isa = PBXFileReference; lastKnownFileType = sourcecode.swift; path = ViewController.swift; sourceTree = "<group>"; };
		94B6D7281F154C680044B90B /* Base */ = {isa = PBXFileReference; lastKnownFileType = file.storyboard; name = Base; path = Base.lproj/Main.storyboard; sourceTree = "<group>"; };
		94B6D72A1F154C680044B90B /* Assets.xcassets */ = {isa = PBXFileReference; lastKnownFileType = folder.assetcatalog; path = Assets.xcassets; sourceTree = "<group>"; };
		94B6D72D1F154C680044B90B /* Base */ = {isa = PBXFileReference; lastKnownFileType = file.storyboard; name = Base; path = Base.lproj/LaunchScreen.storyboard; sourceTree = "<group>"; };
		94B6D72F1F154C680044B90B /* Info.plist */ = {isa = PBXFileReference; lastKnownFileType = text.plist.xml; path = Info.plist; sourceTree = "<group>"; };
		94B6D7351F1554C20044B90B /* GooglePlaces.framework */ = {isa = PBXFileReference; lastKnownFileType = wrapper.framework; path = GooglePlaces.framework; sourceTree = "<group>"; };
		94B6D7371F1554EA0044B90B /* GoogleMapsBase.framework */ = {isa = PBXFileReference; lastKnownFileType = wrapper.framework; path = GoogleMapsBase.framework; sourceTree = "<group>"; };
		94B6D7391F15551B0044B90B /* GooglePlacePicker.framework */ = {isa = PBXFileReference; lastKnownFileType = wrapper.framework; path = GooglePlacePicker.framework; sourceTree = "<group>"; };
		94B6D73B1F15554B0044B90B /* GoogleMaps.framework */ = {isa = PBXFileReference; lastKnownFileType = wrapper.framework; path = GoogleMaps.framework; sourceTree = "<group>"; };
		94B6D73C1F15554B0044B90B /* GoogleMapsCore.framework */ = {isa = PBXFileReference; lastKnownFileType = wrapper.framework; path = GoogleMapsCore.framework; sourceTree = "<group>"; };
		94B6D73F1F15565A0044B90B /* GooglePlaces.bundle */ = {isa = PBXFileReference; lastKnownFileType = "wrapper.plug-in"; name = GooglePlaces.bundle; path = GooglePlaces.framework/Versions/A/Resources/GooglePlaces.bundle; sourceTree = "<group>"; };
		94B6D7411F1556B50044B90B /* GoogleMaps.bundle */ = {isa = PBXFileReference; lastKnownFileType = "wrapper.plug-in"; name = GoogleMaps.bundle; path = GoogleMaps.framework/Versions/A/Resources/GoogleMaps.bundle; sourceTree = "<group>"; };
		94B6D7431F1556D50044B90B /* GooglePlacePicker.bundle */ = {isa = PBXFileReference; lastKnownFileType = "wrapper.plug-in"; name = GooglePlacePicker.bundle; path = GooglePlacePicker.framework/Versions/A/Resources/GooglePlacePicker.bundle; sourceTree = "<group>"; };
		94B6D7461F15574A0044B90B /* Accelerate.framework */ = {isa = PBXFileReference; lastKnownFileType = wrapper.framework; name = Accelerate.framework; path = System/Library/Frameworks/Accelerate.framework; sourceTree = SDKROOT; };
		94B6D7481F1557540044B90B /* CoreData.framework */ = {isa = PBXFileReference; lastKnownFileType = wrapper.framework; name = CoreData.framework; path = System/Library/Frameworks/CoreData.framework; sourceTree = SDKROOT; };
		94B6D74A1F15575D0044B90B /* CoreGraphics.framework */ = {isa = PBXFileReference; lastKnownFileType = wrapper.framework; name = CoreGraphics.framework; path = System/Library/Frameworks/CoreGraphics.framework; sourceTree = SDKROOT; };
		94B6D74C1F1557660044B90B /* CoreLocation.framework */ = {isa = PBXFileReference; lastKnownFileType = wrapper.framework; name = CoreLocation.framework; path = System/Library/Frameworks/CoreLocation.framework; sourceTree = SDKROOT; };
		94B6D74E1F1557720044B90B /* CoreText.framework */ = {isa = PBXFileReference; lastKnownFileType = wrapper.framework; name = CoreText.framework; path = System/Library/Frameworks/CoreText.framework; sourceTree = SDKROOT; };
		94B6D7501F15577B0044B90B /* GLKit.framework */ = {isa = PBXFileReference; lastKnownFileType = wrapper.framework; name = GLKit.framework; path = System/Library/Frameworks/GLKit.framework; sourceTree = SDKROOT; };
		94B6D7521F1557810044B90B /* ImageIO.framework */ = {isa = PBXFileReference; lastKnownFileType = wrapper.framework; name = ImageIO.framework; path = System/Library/Frameworks/ImageIO.framework; sourceTree = SDKROOT; };
		94B6D7541F15578E0044B90B /* libc++.tbd */ = {isa = PBXFileReference; lastKnownFileType = "sourcecode.text-based-dylib-definition"; name = "libc++.tbd"; path = "usr/lib/libc++.tbd"; sourceTree = SDKROOT; };
		94B6D7561F1557980044B90B /* libz.tbd */ = {isa = PBXFileReference; lastKnownFileType = "sourcecode.text-based-dylib-definition"; name = libz.tbd; path = usr/lib/libz.tbd; sourceTree = SDKROOT; };
		94B6D7581F15579F0044B90B /* OpenGLES.framework */ = {isa = PBXFileReference; lastKnownFileType = wrapper.framework; name = OpenGLES.framework; path = System/Library/Frameworks/OpenGLES.framework; sourceTree = SDKROOT; };
		94B6D75A1F1557A70044B90B /* QuartzCore.framework */ = {isa = PBXFileReference; lastKnownFileType = wrapper.framework; name = QuartzCore.framework; path = System/Library/Frameworks/QuartzCore.framework; sourceTree = SDKROOT; };
		94B6D75C1F1557AD0044B90B /* SystemConfiguration.framework */ = {isa = PBXFileReference; lastKnownFileType = wrapper.framework; name = SystemConfiguration.framework; path = System/Library/Frameworks/SystemConfiguration.framework; sourceTree = SDKROOT; };
		94B6D75E1F1557B30044B90B /* UIKit.framework */ = {isa = PBXFileReference; lastKnownFileType = wrapper.framework; name = UIKit.framework; path = System/Library/Frameworks/UIKit.framework; sourceTree = SDKROOT; };
/* End PBXFileReference section */

/* Begin PBXFrameworksBuildPhase section */
		94B6D71D1F154C680044B90B /* Frameworks */ = {
			isa = PBXFrameworksBuildPhase;
			buildActionMask = 2147483647;
			files = (
				94B6D75F1F1557B30044B90B /* UIKit.framework in Frameworks */,
				94B6D75D1F1557AD0044B90B /* SystemConfiguration.framework in Frameworks */,
				94B6D75B1F1557A70044B90B /* QuartzCore.framework in Frameworks */,
				94B6D7591F15579F0044B90B /* OpenGLES.framework in Frameworks */,
				94B6D7571F1557980044B90B /* libz.tbd in Frameworks */,
				94B6D7551F15578E0044B90B /* libc++.tbd in Frameworks */,
				94B6D7531F1557810044B90B /* ImageIO.framework in Frameworks */,
				94B6D7511F15577B0044B90B /* GLKit.framework in Frameworks */,
				94B6D74F1F1557720044B90B /* CoreText.framework in Frameworks */,
				94B6D74D1F1557660044B90B /* CoreLocation.framework in Frameworks */,
				94B6D74B1F15575D0044B90B /* CoreGraphics.framework in Frameworks */,
				94B6D7491F1557540044B90B /* CoreData.framework in Frameworks */,
				94B6D7471F15574A0044B90B /* Accelerate.framework in Frameworks */,
				94B6D7361F1554C20044B90B /* GooglePlaces.framework in Frameworks */,
				94B6D73A1F15551B0044B90B /* GooglePlacePicker.framework in Frameworks */,
				94B6D73E1F15554B0044B90B /* GoogleMapsCore.framework in Frameworks */,
				94B6D73D1F15554B0044B90B /* GoogleMaps.framework in Frameworks */,
				94B6D7381F1554EA0044B90B /* GoogleMapsBase.framework in Frameworks */,
			);
			runOnlyForDeploymentPostprocessing = 0;
		};
/* End PBXFrameworksBuildPhase section */

/* Begin PBXGroup section */
		94B6D7171F154C680044B90B = {
			isa = PBXGroup;
			children = (
				94B6D7221F154C680044B90B /* WhatsGood */,
				94B6D7211F154C680044B90B /* Products */,
				94B6D7451F15574A0044B90B /* Frameworks */,
			);
			sourceTree = "<group>";
		};
		94B6D7211F154C680044B90B /* Products */ = {
			isa = PBXGroup;
			children = (
				94B6D7201F154C680044B90B /* WhatsGood.app */,
			);
			name = Products;
			sourceTree = "<group>";
		};
		94B6D7221F154C680044B90B /* WhatsGood */ = {
			isa = PBXGroup;
			children = (
				94B6D7231F154C680044B90B /* AppDelegate.swift */,
				94B6D7251F154C680044B90B /* ViewController.swift */,
				94B6D7271F154C680044B90B /* Main.storyboard */,
				94B6D72A1F154C680044B90B /* Assets.xcassets */,
				94B6D72C1F154C680044B90B /* LaunchScreen.storyboard */,
				94B6D72F1F154C680044B90B /* Info.plist */,
				94B6D7431F1556D50044B90B /* GooglePlacePicker.bundle */,
				94B6D7411F1556B50044B90B /* GoogleMaps.bundle */,
				94B6D73F1F15565A0044B90B /* GooglePlaces.bundle */,
				94B6D73B1F15554B0044B90B /* GoogleMaps.framework */,
				94B6D73C1F15554B0044B90B /* GoogleMapsCore.framework */,
				94B6D7391F15551B0044B90B /* GooglePlacePicker.framework */,
				94B6D7371F1554EA0044B90B /* GoogleMapsBase.framework */,
				94B6D7351F1554C20044B90B /* GooglePlaces.framework */,
			);
			path = WhatsGood;
			sourceTree = "<group>";
		};
		94B6D7451F15574A0044B90B /* Frameworks */ = {
			isa = PBXGroup;
			children = (
				94B6D75E1F1557B30044B90B /* UIKit.framework */,
				94B6D75C1F1557AD0044B90B /* SystemConfiguration.framework */,
				94B6D75A1F1557A70044B90B /* QuartzCore.framework */,
				94B6D7581F15579F0044B90B /* OpenGLES.framework */,
				94B6D7561F1557980044B90B /* libz.tbd */,
				94B6D7541F15578E0044B90B /* libc++.tbd */,
				94B6D7521F1557810044B90B /* ImageIO.framework */,
				94B6D7501F15577B0044B90B /* GLKit.framework */,
				94B6D74E1F1557720044B90B /* CoreText.framework */,
				94B6D74C1F1557660044B90B /* CoreLocation.framework */,
				94B6D74A1F15575D0044B90B /* CoreGraphics.framework */,
				94B6D7481F1557540044B90B /* CoreData.framework */,
				94B6D7461F15574A0044B90B /* Accelerate.framework */,
			);
			name = Frameworks;
			sourceTree = "<group>";
		};
/* End PBXGroup section */

/* Begin PBXNativeTarget section */
		94B6D71F1F154C680044B90B /* WhatsGood */ = {
			isa = PBXNativeTarget;
			buildConfigurationList = 94B6D7321F154C680044B90B /* Build configuration list for PBXNativeTarget "WhatsGood" */;
			buildPhases = (
				94B6D71C1F154C680044B90B /* Sources */,
				94B6D71D1F154C680044B90B /* Frameworks */,
				94B6D71E1F154C680044B90B /* Resources */,
			);
			buildRules = (
			);
			dependencies = (
			);
			name = WhatsGood;
			productName = WhatsGood;
			productReference = 94B6D7201F154C680044B90B /* WhatsGood.app */;
			productType = "com.apple.product-type.application";
		};
/* End PBXNativeTarget section */

/* Begin PBXProject section */
		94B6D7181F154C680044B90B /* Project object */ = {
			isa = PBXProject;
			attributes = {
				LastSwiftUpdateCheck = 0830;
				LastUpgradeCheck = 0830;
				ORGANIZATIONNAME = iDTech;
				TargetAttributes = {
					94B6D71F1F154C680044B90B = {
						CreatedOnToolsVersion = 8.3.3;
						DevelopmentTeam = RJ5A82EAFF;
						ProvisioningStyle = Automatic;
					};
				};
			};
			buildConfigurationList = 94B6D71B1F154C680044B90B /* Build configuration list for PBXProject "WhatsGood" */;
			compatibilityVersion = "Xcode 3.2";
			developmentRegion = English;
			hasScannedForEncodings = 0;
			knownRegions = (
				en,
				Base,
			);
			mainGroup = 94B6D7171F154C680044B90B;
			productRefGroup = 94B6D7211F154C680044B90B /* Products */;
			projectDirPath = "";
			projectRoot = "";
			targets = (
				94B6D71F1F154C680044B90B /* WhatsGood */,
			);
		};
/* End PBXProject section */

/* Begin PBXResourcesBuildPhase section */
		94B6D71E1F154C680044B90B /* Resources */ = {
			isa = PBXResourcesBuildPhase;
			buildActionMask = 2147483647;
			files = (
				94B6D7441F1556D50044B90B /* GooglePlacePicker.bundle in Resources */,
				94B6D7401F15565A0044B90B /* GooglePlaces.bundle in Resources */,
				94B6D72E1F154C680044B90B /* LaunchScreen.storyboard in Resources */,
				94B6D72B1F154C680044B90B /* Assets.xcassets in Resources */,
				94B6D7291F154C680044B90B /* Main.storyboard in Resources */,
				94B6D7421F1556B50044B90B /* GoogleMaps.bundle in Resources */,
			);
			runOnlyForDeploymentPostprocessing = 0;
		};
/* End PBXResourcesBuildPhase section */

/* Begin PBXSourcesBuildPhase section */
		94B6D71C1F154C680044B90B /* Sources */ = {
			isa = PBXSourcesBuildPhase;
			buildActionMask = 2147483647;
			files = (
				94B6D7261F154C680044B90B /* ViewController.swift in Sources */,
				94B6D7241F154C680044B90B /* AppDelegate.swift in Sources */,
			);
			runOnlyForDeploymentPostprocessing = 0;
		};
/* End PBXSourcesBuildPhase section */

/* Begin PBXVariantGroup section */
		94B6D7271F154C680044B90B /* Main.storyboard */ = {
			isa = PBXVariantGroup;
			children = (
				94B6D7281F154C680044B90B /* Base */,
			);
			name = Main.storyboard;
			sourceTree = "<group>";
		};
		94B6D72C1F154C680044B90B /* LaunchScreen.storyboard */ = {
			isa = PBXVariantGroup;
			children = (
				94B6D72D1F154C680044B90B /* Base */,
			);
			name = LaunchScreen.storyboard;
			sourceTree = "<group>";
		};
/* End PBXVariantGroup section */

/* Begin XCBuildConfiguration section */
		94B6D7301F154C680044B90B /* Debug */ = {
			isa = XCBuildConfiguration;
			buildSettings = {
				ALWAYS_SEARCH_USER_PATHS = NO;
				CLANG_ANALYZER_NONNULL = YES;
				CLANG_ANALYZER_NUMBER_OBJECT_CONVERSION = YES_AGGRESSIVE;
				CLANG_CXX_LANGUAGE_STANDARD = "gnu++0x";
				CLANG_CXX_LIBRARY = "libc++";
				CLANG_ENABLE_MODULES = YES;
				CLANG_ENABLE_OBJC_ARC = YES;
				CLANG_WARN_BOOL_CONVERSION = YES;
				CLANG_WARN_CONSTANT_CONVERSION = YES;
				CLANG_WARN_DIRECT_OBJC_ISA_USAGE = YES_ERROR;
				CLANG_WARN_DOCUMENTATION_COMMENTS = YES;
				CLANG_WARN_EMPTY_BODY = YES;
				CLANG_WARN_ENUM_CONVERSION = YES;
				CLANG_WARN_INFINITE_RECURSION = YES;
				CLANG_WARN_INT_CONVERSION = YES;
				CLANG_WARN_OBJC_ROOT_CLASS = YES_ERROR;
				CLANG_WARN_SUSPICIOUS_MOVE = YES;
				CLANG_WARN_UNREACHABLE_CODE = YES;
				CLANG_WARN__DUPLICATE_METHOD_MATCH = YES;
				"CODE_SIGN_IDENTITY[sdk=iphoneos*]" = "iPhone Developer";
				COPY_PHASE_STRIP = NO;
				DEBUG_INFORMATION_FORMAT = dwarf;
				ENABLE_STRICT_OBJC_MSGSEND = YES;
				ENABLE_TESTABILITY = YES;
				GCC_C_LANGUAGE_STANDARD = gnu99;
				GCC_DYNAMIC_NO_PIC = NO;
				GCC_NO_COMMON_BLOCKS = YES;
				GCC_OPTIMIZATION_LEVEL = 0;
				GCC_PREPROCESSOR_DEFINITIONS = (
					"DEBUG=1",
					"$(inherited)",
				);
				GCC_WARN_64_TO_32_BIT_CONVERSION = YES;
				GCC_WARN_ABOUT_RETURN_TYPE = YES_ERROR;
				GCC_WARN_UNDECLARED_SELECTOR = YES;
				GCC_WARN_UNINITIALIZED_AUTOS = YES_AGGRESSIVE;
				GCC_WARN_UNUSED_FUNCTION = YES;
				GCC_WARN_UNUSED_VARIABLE = YES;
				IPHONEOS_DEPLOYMENT_TARGET = 10.3;
				MTL_ENABLE_DEBUG_INFO = YES;
				NEW_SETTING = "";
				ONLY_ACTIVE_ARCH = YES;
				"OTHER_LDFLAGS[arch=*]" = "-ObjC";
				SDKROOT = iphoneos;
				SWIFT_ACTIVE_COMPILATION_CONDITIONS = DEBUG;
				SWIFT_OPTIMIZATION_LEVEL = "-Onone";
			};
			name = Debug;
		};
		94B6D7311F154C680044B90B /* Release */ = {
			isa = XCBuildConfiguration;
			buildSettings = {
				ALWAYS_SEARCH_USER_PATHS = NO;
				CLANG_ANALYZER_NONNULL = YES;
				CLANG_ANALYZER_NUMBER_OBJECT_CONVERSION = YES_AGGRESSIVE;
				CLANG_CXX_LANGUAGE_STANDARD = "gnu++0x";
				CLANG_CXX_LIBRARY = "libc++";
				CLANG_ENABLE_MODULES = YES;
				CLANG_ENABLE_OBJC_ARC = YES;
				CLANG_WARN_BOOL_CONVERSION = YES;
				CLANG_WARN_CONSTANT_CONVERSION = YES;
				CLANG_WARN_DIRECT_OBJC_ISA_USAGE = YES_ERROR;
				CLANG_WARN_DOCUMENTATION_COMMENTS = YES;
				CLANG_WARN_EMPTY_BODY = YES;
				CLANG_WARN_ENUM_CONVERSION = YES;
				CLANG_WARN_INFINITE_RECURSION = YES;
				CLANG_WARN_INT_CONVERSION = YES;
				CLANG_WARN_OBJC_ROOT_CLASS = YES_ERROR;
				CLANG_WARN_SUSPICIOUS_MOVE = YES;
				CLANG_WARN_UNREACHABLE_CODE = YES;
				CLANG_WARN__DUPLICATE_METHOD_MATCH = YES;
				"CODE_SIGN_IDENTITY[sdk=iphoneos*]" = "iPhone Developer";
				COPY_PHASE_STRIP = NO;
				DEBUG_INFORMATION_FORMAT = "dwarf-with-dsym";
				ENABLE_NS_ASSERTIONS = NO;
				ENABLE_STRICT_OBJC_MSGSEND = YES;
				GCC_C_LANGUAGE_STANDARD = gnu99;
				GCC_NO_COMMON_BLOCKS = YES;
				GCC_WARN_64_TO_32_BIT_CONVERSION = YES;
				GCC_WARN_ABOUT_RETURN_TYPE = YES_ERROR;
				GCC_WARN_UNDECLARED_SELECTOR = YES;
				GCC_WARN_UNINITIALIZED_AUTOS = YES_AGGRESSIVE;
				GCC_WARN_UNUSED_FUNCTION = YES;
				GCC_WARN_UNUSED_VARIABLE = YES;
				IPHONEOS_DEPLOYMENT_TARGET = 10.3;
				MTL_ENABLE_DEBUG_INFO = NO;
				NEW_SETTING = "";
				"OTHER_LDFLAGS[arch=*]" = "-ObjC";
				SDKROOT = iphoneos;
				SWIFT_OPTIMIZATION_LEVEL = "-Owholemodule";
				VALIDATE_PRODUCT = YES;
			};
			name = Release;
		};
		94B6D7331F154C680044B90B /* Debug */ = {
			isa = XCBuildConfiguration;
			buildSettings = {
				ASSETCATALOG_COMPILER_APPICON_NAME = AppIcon;
				"CODE_SIGN_IDENTITY[sdk=iphoneos*]" = "iPhone Developer";
				DEVELOPMENT_TEAM = RJ5A82EAFF;
				FRAMEWORK_SEARCH_PATHS = (
					"$(inherited)",
					"$(PROJECT_DIR)/WhatsGood",
				);
				INFOPLIST_FILE = WhatsGood/Info.plist;
				LD_RUNPATH_SEARCH_PATHS = "$(inherited) @executable_path/Frameworks";
				PRODUCT_BUNDLE_IDENTIFIER = com.iDTech.Ryan.WhatsGood;
				PRODUCT_NAME = "$(TARGET_NAME)";
				PROVISIONING_PROFILE_SPECIFIER = "";
				SWIFT_VERSION = 3.0;
			};
			name = Debug;
		};
		94B6D7341F154C680044B90B /* Release */ = {
			isa = XCBuildConfiguration;
			buildSettings = {
				ASSETCATALOG_COMPILER_APPICON_NAME = AppIcon;
				"CODE_SIGN_IDENTITY[sdk=iphoneos*]" = "iPhone Developer";
				DEVELOPMENT_TEAM = RJ5A82EAFF;
				FRAMEWORK_SEARCH_PATHS = (
					"$(inherited)",
					"$(PROJECT_DIR)/WhatsGood",
				);
				INFOPLIST_FILE = WhatsGood/Info.plist;
				LD_RUNPATH_SEARCH_PATHS = "$(inherited) @executable_path/Frameworks";
				PRODUCT_BUNDLE_IDENTIFIER = com.iDTech.Ryan.WhatsGood;
				PRODUCT_NAME = "$(TARGET_NAME)";
				PROVISIONING_PROFILE_SPECIFIER = "";
				SWIFT_VERSION = 3.0;
			};
			name = Release;
		};
/* End XCBuildConfiguration section */

/* Begin XCConfigurationList section */
		94B6D71B1F154C680044B90B /* Build configuration list for PBXProject "WhatsGood" */ = {
			isa = XCConfigurationList;
			buildConfigurations = (
				94B6D7301F154C680044B90B /* Debug */,
				94B6D7311F154C680044B90B /* Release */,
			);
			defaultConfigurationIsVisible = 0;
			defaultConfigurationName = Release;
		};
		94B6D7321F154C680044B90B /* Build configuration list for PBXNativeTarget "WhatsGood" */ = {
			isa = XCConfigurationList;
			buildConfigurations = (
				94B6D7331F154C680044B90B /* Debug */,
				94B6D7341F154C680044B90B /* Release */,
			);
			defaultConfigurationIsVisible = 0;
			defaultConfigurationName = Release;
		};
/* End XCConfigurationList section */
	};
	rootObject = 94B6D7181F154C680044B90B /* Project object */;
}
